lockfileVersion: '9.0'

settings:
  autoInstallPeers: true
  excludeLinksFromLockfile: false

importers:

  .:
    dependencies:
      revolt.js:
        specifier: 6.0.6
        version: 6.0.6
    devDependencies:
      '@types/node':
        specifier: ^22.7.4
        version: 22.7.4

packages:

  '@fastify/busboy@2.1.1':
    resolution: {integrity: sha512-vBZP4NlzfOlerQTnba4aqZoMhE/a9HY7HRqoOPaETQcSQuWEIyZMHGfVu6w9wGtGK5fED5qRs2DteVCjOH60sA==}
    engines: {node: '>=14'}

  '@insertish/exponential-backoff@3.1.0-patch.2':
    resolution: {integrity: sha512-0lsMVexkZ7dHpQlPrTZDRsm42hZ4/CzKxP1hbAEJH8IaEwrIEhhTKJuFxPuLOi2TwPImuocncjYHpGpwVNOemQ==}

  '@insertish/isomorphic-ws@4.0.1':
    resolution: {integrity: sha512-kFD/p8T4Hkqr992QrdkbW/cQ/W/q2d9MPCobwzBv2PwTKLkCD9RaYDy6m17qRnSLQQ5PU0kHCG8kaOwAqzj1vQ==}
    peerDependencies:
      ws: '*'

  '@insertish/oapi@0.1.16':
    resolution: {integrity: sha512-dxuLdNKBmnbVw8BBRzE1APZ3d7wErhNWQepXdNM3ueeQrheo6Sjg8FGFCQG7zCrEKns08lg5ITmxhqbYXVXZBQ==}
    hasBin: true

  '@types/node@22.7.4':
    resolution: {integrity: sha512-y+NPi1rFzDs1NdQHHToqeiX2TIS79SWEAw9GYhkkx8bD0ChpfqC+n2j5OXOCpzfojBEBt6DnEnnG9MY0zk1XLg==}

  argparse@2.0.1:
    resolution: {integrity: sha512-8+9WqebbFzpX9OR+Wa6O29asIogeRMzcGtAINdpMHHyAg10f05aSFVBbcEqGf/PXw1EjAZ+q2/bEBg3DvurK3Q==}

  axios@0.21.4:
    resolution: {integrity: sha512-ut5vewkiu8jjGBdqpM44XxjuCjq9LAKeHVmoVfHVzy8eHgxxq8SbAVQNovDA8mVi05kP0Ea/n/UzcSHcTJQfNg==}

  axios@0.26.1:
    resolution: {integrity: sha512-fPwcX4EvnSHuInCMItEhAGnaSEXRBjtzh9fOtsE6E1G6p7vl7edEeZe11QHf18+6+9gR5PbKV/sGKNaD8YaMeA==}

  eventemitter3@4.0.7:
    resolution: {integrity: sha512-8guHBZCwKnFhYdHr2ysuRWErTwhoN2X8XELRlrRwpmfeY2jjuUN4taQMsULKUVo1K4DvZl+0pgfyoysHxvmvEw==}

  follow-redirects@1.15.9:
    resolution: {integrity: sha512-gew4GsXizNgdoRyqmyfMHyAmXsZDk6mHkSxZFCzW9gwlbtOW44CDtYavM+y+72qD/Vq2l550kMF52DT8fOLJqQ==}
    engines: {node: '>=4.0'}
    peerDependencies:
      debug: '*'
    peerDependenciesMeta:
      debug:
        optional: true

  globalyzer@0.1.0:
    resolution: {integrity: sha512-40oNTM9UfG6aBmuKxk/giHn5nQ8RVz/SS4Ir6zgzOv9/qC3kKZ9v4etGTcJbEl/NyVQH7FGU7d+X1egr57Md2Q==}

  globrex@0.1.2:
    resolution: {integrity: sha512-uHJgbwAMwNFf5mLst7IWLNg14x1CkeqglJb/K3doi4dw6q2IvAAmM/Y81kevy83wP+Sst+nutFTYOGg3d1lsxg==}

  js-yaml@4.1.0:
    resolution: {integrity: sha512-wpxZs9NoxZaJESJGIZTyDEaYpl0FKSA+FB9aJiyemKhMwkxQg63h4T1KJgUGHpTqPDNRcmmYLugrRjJlBtWvRA==}
    hasBin: true

  lodash.defaultsdeep@4.6.1:
    resolution: {integrity: sha512-3j8wdDzYuWO3lM3Reg03MuQR957t287Rpcxp1njpEa8oDrikb+FwGdW3n+FELh/A6qib6yPit0j/pv9G/yeAqA==}

  lodash.flatten@4.4.0:
    resolution: {integrity: sha512-C5N2Z3DgnnKr0LOpv/hKCgKdb7ZZwafIrsesve6lmzvZIRZRGaZ/l6Q8+2W7NaT+ZwO3fFlSCzCzrDCFdJfZ4g==}

  lodash.isequal@4.5.0:
    resolution: {integrity: sha512-pDo3lu8Jhfjqls6GkMgpahsF9kCyayhgykjyLMNFTKWrpVdAQtYyB4muAMWozBB4ig/dtWAmsMxLEI8wuz+DYQ==}

  long@5.2.3:
    resolution: {integrity: sha512-lcHwpNoggQTObv5apGNCTdJrO69eHOZMi4BNC+rTLER8iHAqGrUVeLh/irVIM7zTw2bOXA8T6uNPeujwOLg/2Q==}

  mime@3.0.0:
    resolution: {integrity: sha512-jSCU7/VB1loIWBZe14aEYHU/+1UMEHoaO7qxCOVJOw9GgH72VAWppxNcjU+x9a2k3GSIBXNKxXQFqRvvZ7vr3A==}
    engines: {node: '>=10.0.0'}
    hasBin: true

  mobx@6.13.3:
    resolution: {integrity: sha512-YtAS+ZMbdpbHYUU4ESht3na8KiX11KuMT1yOiKtbKlQ0GZkHDYPKyEw/Tdp7h7aHyLrTWj2TBaSNJ6bCr638iQ==}

  openapi-typescript@5.4.2:
    resolution: {integrity: sha512-tHeRv39Yh7brqJpbUntdjtUaXrTHmC4saoyTLU/0J2I8LEFQYDXRLgnmWTMiMOB2GXugJiqHa5n9sAyd6BRqiA==}
    engines: {node: '>= 14.0.0'}
    hasBin: true

  prettier@2.8.8:
    resolution: {integrity: sha512-tdN8qQGvNjw4CHbY+XXk0JgCXn9QiF21a55rBe5LJAU+kDyC4WQn4+awm2Xfk2lQMk5fKup9XgzTZtGkjBdP9Q==}
    engines: {node: '>=10.13.0'}
    hasBin: true

  revolt-api@0.5.4:
    resolution: {integrity: sha512-JBoEzakPn11lq43BN2VMwyfeU8pC11Q6O07BuWjagMqBrjY8GdMdQIdmtmvudSiTogux6VsbGkV+0eVUUZ44xw==}

  revolt.js@6.0.6:
    resolution: {integrity: sha512-1qt0aiQs/Ahx/xVdKRN8Ogwfz0U/4YgGU1MPtxh7UzTtDU6bjRlNpzBdFuqH9HlvJF7m0F12tq/5e9RbluKDvg==}

  tiny-glob@0.2.9:
    resolution: {integrity: sha512-g/55ssRPUjShh+xkfx9UPDXqhckHEsHr4Vd9zX55oSdGZc/MD0m3sferOkwWtp98bv+kcVfEHtRJgBVJzelrzg==}

  typescript@4.9.5:
    resolution: {integrity: sha512-1FXk9E2Hm+QzZQ7z+McJiHL4NW1F2EzMu9Nq9i3zAaGqibafqYwCVU6WyWAuyQRRzOlxou8xZSyXLEN8oKj24g==}
    engines: {node: '>=4.2.0'}
    hasBin: true

  ulid@2.3.0:
    resolution: {integrity: sha512-keqHubrlpvT6G2wH0OEfSW4mquYRcbe/J8NMmveoQOjUqmo+hXtO+ORCpWhdbZ7k72UtY61BL7haGxW6enBnjw==}
    hasBin: true

  undici-types@6.19.8:
    resolution: {integrity: sha512-ve2KP6f/JnbPBFyobGHuerC9g1FYGn/F8n1LWTwNxCEzd6IfqTwUQcNXgEtmmQ6DlRrC1hrSrBnCZPokRrDHjw==}

  undici@5.28.4:
    resolution: {integrity: sha512-72RFADWFqKmUb2hmmvNODKL3p9hcB6Gt2DOQMis1SEBaV6a4MH8soBvzg+95CYhCKPFedut2JY9bMfrDl9D23g==}
    engines: {node: '>=14.0'}

  ws@8.18.0:
    resolution: {integrity: sha512-8VbfWfHLbbwu3+N6OKsOMpBdT4kXPDDB9cJk2bJ6mh9ucxdlnNvH1e+roYkKmN9Nxw2yjz7VzeO9oOz2zJ04Pw==}
    engines: {node: '>=10.0.0'}
    peerDependencies:
      bufferutil: ^4.0.1
      utf-8-validate: '>=5.0.2'
    peerDependenciesMeta:
      bufferutil:
        optional: true
      utf-8-validate:
        optional: true

  yargs-parser@21.1.1:
    resolution: {integrity: sha512-tVpsJW7DdjecAiFpbIB1e3qxIQsE6NoPc5/eTdrbbIC4h0LVsWhnoa3g+m2HclBIujHzsxZ4VJVA+GUuc2/LBw==}
    engines: {node: '>=12'}

snapshots:

  '@fastify/busboy@2.1.1':
    optional: true

  '@insertish/exponential-backoff@3.1.0-patch.2': {}

  '@insertish/isomorphic-ws@4.0.1(ws@8.18.0)':
    dependencies:
      ws: 8.18.0

  '@insertish/oapi@0.1.16':
    dependencies:
      typescript: 4.9.5
    optionalDependencies:
      axios: 0.26.1
      openapi-typescript: 5.4.2
    transitivePeerDependencies:
      - debug

  '@types/node@22.7.4':
    dependencies:
      undici-types: 6.19.8

  argparse@2.0.1:
    optional: true

  axios@0.21.4:
    dependencies:
      follow-redirects: 1.15.9
    transitivePeerDependencies:
      - debug

  axios@0.26.1:
    dependencies:
      follow-redirects: 1.15.9
    transitivePeerDependencies:
      - debug

  eventemitter3@4.0.7: {}

  follow-redirects@1.15.9: {}

  globalyzer@0.1.0:
    optional: true

  globrex@0.1.2:
    optional: true

  js-yaml@4.1.0:
    dependencies:
      argparse: 2.0.1
    optional: true

  lodash.defaultsdeep@4.6.1: {}

  lodash.flatten@4.4.0: {}

  lodash.isequal@4.5.0: {}

  long@5.2.3: {}

  mime@3.0.0:
    optional: true

  mobx@6.13.3: {}

  openapi-typescript@5.4.2:
    dependencies:
      js-yaml: 4.1.0
      mime: 3.0.0
      prettier: 2.8.8
      tiny-glob: 0.2.9
      undici: 5.28.4
      yargs-parser: 21.1.1
    optional: true

  prettier@2.8.8:
    optional: true

  revolt-api@0.5.4:
    dependencies:
      '@insertish/oapi': 0.1.16
      axios: 0.26.1
      lodash.defaultsdeep: 4.6.1
    transitivePeerDependencies:
      - debug

  revolt.js@6.0.6:
    dependencies:
      '@insertish/exponential-backoff': 3.1.0-patch.2
      '@insertish/isomorphic-ws': 4.0.1(ws@8.18.0)
      axios: 0.21.4
      eventemitter3: 4.0.7
      lodash.defaultsdeep: 4.6.1
      lodash.flatten: 4.4.0
      lodash.isequal: 4.5.0
      long: 5.2.3
      mobx: 6.13.3
      revolt-api: 0.5.4
      ulid: 2.3.0
      ws: 8.18.0
    transitivePeerDependencies:
      - bufferutil
      - debug
      - utf-8-validate

  tiny-glob@0.2.9:
    dependencies:
      globalyzer: 0.1.0
      globrex: 0.1.2
    optional: true

  typescript@4.9.5: {}

  ulid@2.3.0: {}

  undici-types@6.19.8: {}

  undici@5.28.4:
    dependencies:
      '@fastify/busboy': 2.1.1
    optional: true

  ws@8.18.0: {}

  yargs-parser@21.1.1:
    optional: true
